// !$*UTF8*$!
{
	archiveVersion = 1;
	classes = {
	};
	objectVersion = 56;
	objects = {

/* Begin PBXBuildFile section */
		7431270A2AE855740025BB3E /* iOSTakeHomeProjectPracticeTDApp.swift in Sources */ = {isa = PBXBuildFile; fileRef = 743127092AE855740025BB3E /* iOSTakeHomeProjectPracticeTDApp.swift */; };
		7431270C2AE855740025BB3E /* ContentView.swift in Sources */ = {isa = PBXBuildFile; fileRef = 7431270B2AE855740025BB3E /* ContentView.swift */; };
		743127102AE855760025BB3E /* Assets.xcassets in Resources */ = {isa = PBXBuildFile; fileRef = 7431270F2AE855760025BB3E /* Assets.xcassets */; };
		743127132AE855760025BB3E /* Preview Assets.xcassets in Resources */ = {isa = PBXBuildFile; fileRef = 743127122AE855760025BB3E /* Preview Assets.xcassets */; };
		7431271B2AE857710025BB3E /* Symbols.swift in Sources */ = {isa = PBXBuildFile; fileRef = 7431271A2AE857710025BB3E /* Symbols.swift */; };
		7431271D2AE85A290025BB3E /* Theme.swift in Sources */ = {isa = PBXBuildFile; fileRef = 7431271C2AE85A290025BB3E /* Theme.swift */; };
/* End PBXBuildFile section */

/* Begin PBXFileReference section */
		743127062AE855740025BB3E /* iOSTakeHomeProjectPracticeTD.app */ = {isa = PBXFileReference; explicitFileType = wrapper.application; includeInIndex = 0; path = iOSTakeHomeProjectPracticeTD.app; sourceTree = BUILT_PRODUCTS_DIR; };
		743127092AE855740025BB3E /* iOSTakeHomeProjectPracticeTDApp.swift */ = {isa = PBXFileReference; lastKnownFileType = sourcecode.swift; path = iOSTakeHomeProjectPracticeTDApp.swift; sourceTree = "<group>"; };
		7431270B2AE855740025BB3E /* ContentView.swift */ = {isa = PBXFileReference; lastKnownFileType = sourcecode.swift; path = ContentView.swift; sourceTree = "<group>"; };
		7431270F2AE855760025BB3E /* Assets.xcassets */ = {isa = PBXFileReference; lastKnownFileType = folder.assetcatalog; path = Assets.xcassets; sourceTree = "<group>"; };
		743127122AE855760025BB3E /* Preview Assets.xcassets */ = {isa = PBXFileReference; lastKnownFileType = folder.assetcatalog; path = "Preview Assets.xcassets"; sourceTree = "<group>"; };
		7431271A2AE857710025BB3E /* Symbols.swift */ = {isa = PBXFileReference; lastKnownFileType = sourcecode.swift; path = Symbols.swift; sourceTree = "<group>"; };
		7431271C2AE85A290025BB3E /* Theme.swift */ = {isa = PBXFileReference; lastKnownFileType = sourcecode.swift; path = Theme.swift; sourceTree = "<group>"; };
/* End PBXFileReference section */

/* Begin PBXFrameworksBuildPhase section */
		743127032AE855740025BB3E /* Frameworks */ = {
			isa = PBXFrameworksBuildPhase;
			buildActionMask = 2147483647;
			files = (
			);
			runOnlyForDeploymentPostprocessing = 0;
		};
/* End PBXFrameworksBuildPhase section */

/* Begin PBXGroup section */
		743126FD2AE855740025BB3E = {
			isa = PBXGroup;
			children = (
				743127082AE855740025BB3E /* iOSTakeHomeProjectPracticeTD */,
				743127072AE855740025BB3E /* Products */,
			);
			sourceTree = "<group>";
		};
		743127072AE855740025BB3E /* Products */ = {
			isa = PBXGroup;
			children = (
				743127062AE855740025BB3E /* iOSTakeHomeProjectPracticeTD.app */,
			);
			name = Products;
			sourceTree = "<group>";
		};
		743127082AE855740025BB3E /* iOSTakeHomeProjectPracticeTD */ = {
			isa = PBXGroup;
			children = (
				7431271F2AE85C3D0025BB3E /* Features */,
				7431271E2AE85C360025BB3E /* Base */,
				743127192AE856B80025BB3E /* Resources */,
				743127092AE855740025BB3E /* iOSTakeHomeProjectPracticeTDApp.swift */,
				7431270B2AE855740025BB3E /* ContentView.swift */,
				7431270F2AE855760025BB3E /* Assets.xcassets */,
				743127112AE855760025BB3E /* Preview Content */,
			);
			path = iOSTakeHomeProjectPracticeTD;
			sourceTree = "<group>";
		};
		743127112AE855760025BB3E /* Preview Content */ = {
			isa = PBXGroup;
			children = (
				743127122AE855760025BB3E /* Preview Assets.xcassets */,
			);
			path = "Preview Content";
			sourceTree = "<group>";
		};
		743127192AE856B80025BB3E /* Resources */ = {
			isa = PBXGroup;
			children = (
				7431271A2AE857710025BB3E /* Symbols.swift */,
				7431271C2AE85A290025BB3E /* Theme.swift */,
			);
			path = Resources;
			sourceTree = "<group>";
		};
		7431271E2AE85C360025BB3E /* Base */ = {
			isa = PBXGroup;
			children = (
			);
			path = Base;
			sourceTree = "<group>";
		};
		7431271F2AE85C3D0025BB3E /* Features */ = {
			isa = PBXGroup;
			children = (
				743127232AE85C780025BB3E /* Settings */,
				743127222AE85C700025BB3E /* Detail */,
				743127212AE85C660025BB3E /* Create */,
				743127202AE85C5A0025BB3E /* People */,
			);
			path = Features;
			sourceTree = "<group>";
		};
		743127202AE85C5A0025BB3E /* People */ = {
			isa = PBXGroup;
			children = (
				743127262AE85CAD0025BB3E /* View Models */,
				743127252AE85CA60025BB3E /* Model */,
				743127242AE85C9F0025BB3E /* Views */,
			);
			path = People;
			sourceTree = "<group>";
		};
		743127212AE85C660025BB3E /* Create */ = {
			isa = PBXGroup;
			children = (
				7431272D2AE85DF90025BB3E /* Views */,
				7431272C2AE85DF10025BB3E /* Model */,
				7431272B2AE85DD90025BB3E /* View Models */,
			);
			path = Create;
			sourceTree = "<group>";
		};
		743127222AE85C700025BB3E /* Detail */ = {
			isa = PBXGroup;
			children = (
				7431272A2AE85DCD0025BB3E /* View Models */,
				743127292AE85DC60025BB3E /* Model */,
				743127282AE85DAC0025BB3E /* Views */,
			);
			path = Detail;
			sourceTree = "<group>";
		};
		743127232AE85C780025BB3E /* Settings */ = {
			isa = PBXGroup;
			children = (
				743127272AE85DA10025BB3E /* Views */,
			);
			path = Settings;
			sourceTree = "<group>";
		};
		743127242AE85C9F0025BB3E /* Views */ = {
			isa = PBXGroup;
			children = (
			);
			path = Views;
			sourceTree = "<group>";
		};
		743127252AE85CA60025BB3E /* Model */ = {
			isa = PBXGroup;
			children = (
			);
			path = Model;
			sourceTree = "<group>";
		};
		743127262AE85CAD0025BB3E /* View Models */ = {
			isa = PBXGroup;
			children = (
			);
			path = "View Models";
			sourceTree = "<group>";
		};
		743127272AE85DA10025BB3E /* Views */ = {
			isa = PBXGroup;
			children = (
			);
			path = Views;
			sourceTree = "<group>";
		};
		743127282AE85DAC0025BB3E /* Views */ = {
			isa = PBXGroup;
			children = (
			);
			path = Views;
			sourceTree = "<group>";
		};
		743127292AE85DC60025BB3E /* Model */ = {
			isa = PBXGroup;
			children = (
			);
			path = Model;
			sourceTree = "<group>";
		};
		7431272A2AE85DCD0025BB3E /* View Models */ = {
			isa = PBXGroup;
			children = (
			);
			path = "View Models";
			sourceTree = "<group>";
		};
		7431272B2AE85DD90025BB3E /* View Models */ = {
			isa = PBXGroup;
			children = (
			);
			path = "View Models";
			sourceTree = "<group>";
		};
		7431272C2AE85DF10025BB3E /* Model */ = {
			isa = PBXGroup;
			children = (
			);
			path = Model;
			sourceTree = "<group>";
		};
		7431272D2AE85DF90025BB3E /* Views */ = {
			isa = PBXGroup;
			children = (
			);
			path = Views;
			sourceTree = "<group>";
		};
/* End PBXGroup section */

/* Begin PBXNativeTarget section */
		743127052AE855740025BB3E /* iOSTakeHomeProjectPracticeTD */ = {
			isa = PBXNativeTarget;
			buildConfigurationList = 743127162AE855760025BB3E /* Build configuration list for PBXNativeTarget "iOSTakeHomeProjectPracticeTD" */;
			buildPhases = (
				743127022AE855740025BB3E /* Sources */,
				743127032AE855740025BB3E /* Frameworks */,
				743127042AE855740025BB3E /* Resources */,
			);
			buildRules = (
			);
			dependencies = (
			);
			name = iOSTakeHomeProjectPracticeTD;
			productName = iOSTakeHomeProjectPracticeTD;
			productReference = 743127062AE855740025BB3E /* iOSTakeHomeProjectPracticeTD.app */;
			productType = "com.apple.product-type.application";
		};
/* End PBXNativeTarget section */

/* Begin PBXProject section */
		743126FE2AE855740025BB3E /* Project object */ = {
			isa = PBXProject;
			attributes = {
				BuildIndependentTargetsInParallel = 1;
				LastSwiftUpdateCheck = 1500;
				LastUpgradeCheck = 1500;
				TargetAttributes = {
					743127052AE855740025BB3E = {
						CreatedOnToolsVersion = 15.0.1;
					};
				};
			};
			buildConfigurationList = 743127012AE855740025BB3E /* Build configuration list for PBXProject "iOSTakeHomeProjectPracticeTD" */;
			compatibilityVersion = "Xcode 14.0";
			developmentRegion = en;
			hasScannedForEncodings = 0;
			knownRegions = (
				en,
				Base,
			);
			mainGroup = 743126FD2AE855740025BB3E;
			productRefGroup = 743127072AE855740025BB3E /* Products */;
			projectDirPath = "";
			projectRoot = "";
			targets = (
				743127052AE855740025BB3E /* iOSTakeHomeProjectPracticeTD */,
			);
		};
/* End PBXProject section */

/* Begin PBXResourcesBuildPhase section */
		743127042AE855740025BB3E /* Resources */ = {
			isa = PBXResourcesBuildPhase;
			buildActionMask = 2147483647;
			files = (
				743127132AE855760025BB3E /* Preview Assets.xcassets in Resources */,
				743127102AE855760025BB3E /* Assets.xcassets in Resources */,
			);
			runOnlyForDeploymentPostprocessing = 0;
		};
/* End PBXResourcesBuildPhase section */

/* Begin PBXSourcesBuildPhase section */
		743127022AE855740025BB3E /* Sources */ = {
			isa = PBXSourcesBuildPhase;
			buildActionMask = 2147483647;
			files = (
				7431271B2AE857710025BB3E /* Symbols.swift in Sources */,
				7431271D2AE85A290025BB3E /* Theme.swift in Sources */,
				7431270C2AE855740025BB3E /* ContentView.swift in Sources */,
				7431270A2AE855740025BB3E /* iOSTakeHomeProjectPracticeTDApp.swift in Sources */,
			);
			runOnlyForDeploymentPostprocessing = 0;
		};
/* End PBXSourcesBuildPhase section */

/* Begin XCBuildConfiguration section */
		743127142AE855760025BB3E /* Debug */ = {
			isa = XCBuildConfiguration;
			buildSettings = {
				ALWAYS_SEARCH_USER_PATHS = NO;
				ASSETCATALOG_COMPILER_GENERATE_SWIFT_ASSET_SYMBOL_EXTENSIONS = YES;
				CLANG_ANALYZER_NONNULL = YES;
				CLANG_ANALYZER_NUMBER_OBJECT_CONVERSION = YES_AGGRESSIVE;
				CLANG_CXX_LANGUAGE_STANDARD = "gnu++20";
				CLANG_ENABLE_MODULES = YES;
				CLANG_ENABLE_OBJC_ARC = YES;
				CLANG_ENABLE_OBJC_WEAK = YES;
				CLANG_WARN_BLOCK_CAPTURE_AUTORELEASING = YES;
				CLANG_WARN_BOOL_CONVERSION = YES;
				CLANG_WARN_COMMA = YES;
				CLANG_WARN_CONSTANT_CONVERSION = YES;
				CLANG_WARN_DEPRECATED_OBJC_IMPLEMENTATIONS = YES;
				CLANG_WARN_DIRECT_OBJC_ISA_USAGE = YES_ERROR;
				CLANG_WARN_DOCUMENTATION_COMMENTS = YES;
				CLANG_WARN_EMPTY_BODY = YES;
				CLANG_WARN_ENUM_CONVERSION = YES;
				CLANG_WARN_INFINITE_RECURSION = YES;
				CLANG_WARN_INT_CONVERSION = YES;
				CLANG_WARN_NON_LITERAL_NULL_CONVERSION = YES;
				CLANG_WARN_OBJC_IMPLICIT_RETAIN_SELF = YES;
				CLANG_WARN_OBJC_LITERAL_CONVERSION = YES;
				CLANG_WARN_OBJC_ROOT_CLASS = YES_ERROR;
				CLANG_WARN_QUOTED_INCLUDE_IN_FRAMEWORK_HEADER = YES;
				CLANG_WARN_RANGE_LOOP_ANALYSIS = YES;
				CLANG_WARN_STRICT_PROTOTYPES = YES;
				CLANG_WARN_SUSPICIOUS_MOVE = YES;
				CLANG_WARN_UNGUARDED_AVAILABILITY = YES_AGGRESSIVE;
				CLANG_WARN_UNREACHABLE_CODE = YES;
				CLANG_WARN__DUPLICATE_METHOD_MATCH = YES;
				COPY_PHASE_STRIP = NO;
				DEBUG_INFORMATION_FORMAT = dwarf;
				ENABLE_STRICT_OBJC_MSGSEND = YES;
				ENABLE_TESTABILITY = YES;
				ENABLE_USER_SCRIPT_SANDBOXING = YES;
				GCC_C_LANGUAGE_STANDARD = gnu17;
				GCC_DYNAMIC_NO_PIC = NO;
				GCC_NO_COMMON_BLOCKS = YES;
				GCC_OPTIMIZATION_LEVEL = 0;
				GCC_PREPROCESSOR_DEFINITIONS = (
					"DEBUG=1",
					"$(inherited)",
				);
				GCC_WARN_64_TO_32_BIT_CONVERSION = YES;
				GCC_WARN_ABOUT_RETURN_TYPE = YES_ERROR;
				GCC_WARN_UNDECLARED_SELECTOR = YES;
				GCC_WARN_UNINITIALIZED_AUTOS = YES_AGGRESSIVE;
				GCC_WARN_UNUSED_FUNCTION = YES;
				GCC_WARN_UNUSED_VARIABLE = YES;
				IPHONEOS_DEPLOYMENT_TARGET = 17.0;
				LOCALIZATION_PREFERS_STRING_CATALOGS = YES;
				MTL_ENABLE_DEBUG_INFO = INCLUDE_SOURCE;
				MTL_FAST_MATH = YES;
				ONLY_ACTIVE_ARCH = YES;
				SDKROOT = iphoneos;
				SWIFT_ACTIVE_COMPILATION_CONDITIONS = "DEBUG $(inherited)";
				SWIFT_OPTIMIZATION_LEVEL = "-Onone";
			};
			name = Debug;
		};
		743127152AE855760025BB3E /* Release */ = {
			isa = XCBuildConfiguration;
			buildSettings = {
				ALWAYS_SEARCH_USER_PATHS = NO;
				ASSETCATALOG_COMPILER_GENERATE_SWIFT_ASSET_SYMBOL_EXTENSIONS = YES;
				CLANG_ANALYZER_NONNULL = YES;
				CLANG_ANALYZER_NUMBER_OBJECT_CONVERSION = YES_AGGRESSIVE;
				CLANG_CXX_LANGUAGE_STANDARD = "gnu++20";
				CLANG_ENABLE_MODULES = YES;
				CLANG_ENABLE_OBJC_ARC = YES;
				CLANG_ENABLE_OBJC_WEAK = YES;
				CLANG_WARN_BLOCK_CAPTURE_AUTORELEASING = YES;
				CLANG_WARN_BOOL_CONVERSION = YES;
				CLANG_WARN_COMMA = YES;
				CLANG_WARN_CONSTANT_CONVERSION = YES;
				CLANG_WARN_DEPRECATED_OBJC_IMPLEMENTATIONS = YES;
				CLANG_WARN_DIRECT_OBJC_ISA_USAGE = YES_ERROR;
				CLANG_WARN_DOCUMENTATION_COMMENTS = YES;
				CLANG_WARN_EMPTY_BODY = YES;
				CLANG_WARN_ENUM_CONVERSION = YES;
				CLANG_WARN_INFINITE_RECURSION = YES;
				CLANG_WARN_INT_CONVERSION = YES;
				CLANG_WARN_NON_LITERAL_NULL_CONVERSION = YES;
				CLANG_WARN_OBJC_IMPLICIT_RETAIN_SELF = YES;
				CLANG_WARN_OBJC_LITERAL_CONVERSION = YES;
				CLANG_WARN_OBJC_ROOT_CLASS = YES_ERROR;
				CLANG_WARN_QUOTED_INCLUDE_IN_FRAMEWORK_HEADER = YES;
				CLANG_WARN_RANGE_LOOP_ANALYSIS = YES;
				CLANG_WARN_STRICT_PROTOTYPES = YES;
				CLANG_WARN_SUSPICIOUS_MOVE = YES;
				CLANG_WARN_UNGUARDED_AVAILABILITY = YES_AGGRESSIVE;
				CLANG_WARN_UNREACHABLE_CODE = YES;
				CLANG_WARN__DUPLICATE_METHOD_MATCH = YES;
				COPY_PHASE_STRIP = NO;
				DEBUG_INFORMATION_FORMAT = "dwarf-with-dsym";
				ENABLE_NS_ASSERTIONS = NO;
				ENABLE_STRICT_OBJC_MSGSEND = YES;
				ENABLE_USER_SCRIPT_SANDBOXING = YES;
				GCC_C_LANGUAGE_STANDARD = gnu17;
				GCC_NO_COMMON_BLOCKS = YES;
				GCC_WARN_64_TO_32_BIT_CONVERSION = YES;
				GCC_WARN_ABOUT_RETURN_TYPE = YES_ERROR;
				GCC_WARN_UNDECLARED_SELECTOR = YES;
				GCC_WARN_UNINITIALIZED_AUTOS = YES_AGGRESSIVE;
				GCC_WARN_UNUSED_FUNCTION = YES;
				GCC_WARN_UNUSED_VARIABLE = YES;
				IPHONEOS_DEPLOYMENT_TARGET = 17.0;
				LOCALIZATION_PREFERS_STRING_CATALOGS = YES;
				MTL_ENABLE_DEBUG_INFO = NO;
				MTL_FAST_MATH = YES;
				SDKROOT = iphoneos;
				SWIFT_COMPILATION_MODE = wholemodule;
				VALIDATE_PRODUCT = YES;
			};
			name = Release;
		};
		743127172AE855760025BB3E /* Debug */ = {
			isa = XCBuildConfiguration;
			buildSettings = {
				ASSETCATALOG_COMPILER_APPICON_NAME = AppIcon;
				ASSETCATALOG_COMPILER_GLOBAL_ACCENT_COLOR_NAME = AccentColor;
				CODE_SIGN_STYLE = Automatic;
				CURRENT_PROJECT_VERSION = 1;
				DEVELOPMENT_ASSET_PATHS = "\"iOSTakeHomeProjectPracticeTD/Preview Content\"";
				DEVELOPMENT_TEAM = 4A45YWS7LC;
				ENABLE_PREVIEWS = YES;
				GENERATE_INFOPLIST_FILE = YES;
				INFOPLIST_KEY_UIApplicationSceneManifest_Generation = YES;
				INFOPLIST_KEY_UIApplicationSupportsIndirectInputEvents = YES;
				INFOPLIST_KEY_UILaunchScreen_Generation = YES;
				INFOPLIST_KEY_UISupportedInterfaceOrientations_iPad = "UIInterfaceOrientationPortrait UIInterfaceOrientationPortraitUpsideDown UIInterfaceOrientationLandscapeLeft UIInterfaceOrientationLandscapeRight";
				INFOPLIST_KEY_UISupportedInterfaceOrientations_iPhone = "UIInterfaceOrientationPortrait UIInterfaceOrientationLandscapeLeft UIInterfaceOrientationLandscapeRight";
				LD_RUNPATH_SEARCH_PATHS = (
					"$(inherited)",
					"@executable_path/Frameworks",
				);
				MARKETING_VERSION = 1.0;
				PRODUCT_BUNDLE_IDENTIFIER = com.iOSTakeHomeProjectPracticeTD;
				PRODUCT_NAME = "$(TARGET_NAME)";
				SWIFT_EMIT_LOC_STRINGS = YES;
				SWIFT_VERSION = 5.0;
				TARGETED_DEVICE_FAMILY = "1,2";
			};
			name = Debug;
		};
		743127182AE855760025BB3E /* Release */ = {
			isa = XCBuildConfiguration;
			buildSettings = {
				ASSETCATALOG_COMPILER_APPICON_NAME = AppIcon;
				ASSETCATALOG_COMPILER_GLOBAL_ACCENT_COLOR_NAME = AccentColor;
				CODE_SIGN_STYLE = Automatic;
				CURRENT_PROJECT_VERSION = 1;
				DEVELOPMENT_ASSET_PATHS = "\"iOSTakeHomeProjectPracticeTD/Preview Content\"";
				DEVELOPMENT_TEAM = 4A45YWS7LC;
				ENABLE_PREVIEWS = YES;
				GENERATE_INFOPLIST_FILE = YES;
				INFOPLIST_KEY_UIApplicationSceneManifest_Generation = YES;
				INFOPLIST_KEY_UIApplicationSupportsIndirectInputEvents = YES;
				INFOPLIST_KEY_UILaunchScreen_Generation = YES;
				INFOPLIST_KEY_UISupportedInterfaceOrientations_iPad = "UIInterfaceOrientationPortrait UIInterfaceOrientationPortraitUpsideDown UIInterfaceOrientationLandscapeLeft UIInterfaceOrientationLandscapeRight";
				INFOPLIST_KEY_UISupportedInterfaceOrientations_iPhone = "UIInterfaceOrientationPortrait UIInterfaceOrientationLandscapeLeft UIInterfaceOrientationLandscapeRight";
				LD_RUNPATH_SEARCH_PATHS = (
					"$(inherited)",
					"@executable_path/Frameworks",
				);
				MARKETING_VERSION = 1.0;
				PRODUCT_BUNDLE_IDENTIFIER = com.iOSTakeHomeProjectPracticeTD;
				PRODUCT_NAME = "$(TARGET_NAME)";
				SWIFT_EMIT_LOC_STRINGS = YES;
				SWIFT_VERSION = 5.0;
				TARGETED_DEVICE_FAMILY = "1,2";
			};
			name = Release;
		};
/* End XCBuildConfiguration section */

/* Begin XCConfigurationList section */
		743127012AE855740025BB3E /* Build configuration list for PBXProject "iOSTakeHomeProjectPracticeTD" */ = {
			isa = XCConfigurationList;
			buildConfigurations = (
				743127142AE855760025BB3E /* Debug */,
				743127152AE855760025BB3E /* Release */,
			);
			defaultConfigurationIsVisible = 0;
			defaultConfigurationName = Release;
		};
		743127162AE855760025BB3E /* Build configuration list for PBXNativeTarget "iOSTakeHomeProjectPracticeTD" */ = {
			isa = XCConfigurationList;
			buildConfigurations = (
				743127172AE855760025BB3E /* Debug */,
				743127182AE855760025BB3E /* Release */,
			);
			defaultConfigurationIsVisible = 0;
			defaultConfigurationName = Release;
		};
/* End XCConfigurationList section */
	};
	rootObject = 743126FE2AE855740025BB3E /* Project object */;
}
